{
  "version": 4,
  "terraform_version": "0.12.0",
  "serial": 2,
  "lineage": "46cfb782-5e89-1cd8-b41f-8859dfb7182f",
  "outputs": {},
  "resources": [
    {
      "mode": "managed",
      "type": "digitalocean_droplet",
      "name": "node01",
      "provider": "provider.digitalocean",
      "instances": [
        {
          "status": "tainted",
          "schema_version": 1,
          "attributes": {
            "backups": false,
            "disk": 60,
            "id": "149796972",
            "image": "ubuntu-18-04-x64",
            "ipv4_address": "167.71.190.121",
            "ipv4_address_private": "",
            "ipv6": false,
            "ipv6_address": "",
            "ipv6_address_private": null,
            "locked": false,
            "memory": 2048,
            "monitoring": false,
            "name": "master",
            "price_hourly": 0.02232,
            "price_monthly": 15,
            "private_networking": false,
            "region": "nyc3",
            "resize_disk": true,
            "size": "s-2vcpu-2gb",
            "ssh_keys": [
              "30:b4:6a:50:81:39:d6:a8:07:d1:3a:b6:e0:09:f1:78"
            ],
            "status": "active",
            "tags": null,
            "urn": "do:droplet:149796972",
            "user_data": null,
            "vcpus": 2,
            "volume_ids": []
          },
          "depends_on": [
            "digitalocean_ssh_key.default"
          ]
        }
      ]
    },
    {
      "mode": "managed",
      "type": "digitalocean_droplet",
      "name": "node02",
      "provider": "provider.digitalocean",
      "instances": [
        {
          "status": "tainted",
          "schema_version": 1,
          "attributes": {
            "backups": false,
            "disk": 60,
            "id": "149796970",
            "image": "ubuntu-18-04-x64",
            "ipv4_address": "167.71.190.120",
            "ipv4_address_private": "",
            "ipv6": false,
            "ipv6_address": "",
            "ipv6_address_private": null,
            "locked": false,
            "memory": 2048,
            "monitoring": false,
            "name": "node02",
            "price_hourly": 0.02232,
            "price_monthly": 15,
            "private_networking": false,
            "region": "nyc3",
            "resize_disk": true,
            "size": "s-2vcpu-2gb",
            "ssh_keys": [
              "30:b4:6a:50:81:39:d6:a8:07:d1:3a:b6:e0:09:f1:78"
            ],
            "status": "active",
            "tags": null,
            "urn": "do:droplet:149796970",
            "user_data": null,
            "vcpus": 2,
            "volume_ids": []
          },
          "depends_on": [
            "digitalocean_ssh_key.default"
          ]
        }
      ]
    },
    {
      "mode": "managed",
      "type": "digitalocean_droplet",
      "name": "node03",
      "provider": "provider.digitalocean",
      "instances": [
        {
          "status": "tainted",
          "schema_version": 1,
          "attributes": {
            "backups": false,
            "disk": 60,
            "id": "149796971",
            "image": "ubuntu-18-04-x64",
            "ipv4_address": "167.71.190.122",
            "ipv4_address_private": "",
            "ipv6": false,
            "ipv6_address": "",
            "ipv6_address_private": null,
            "locked": false,
            "memory": 2048,
            "monitoring": false,
            "name": "node03",
            "price_hourly": 0.02232,
            "price_monthly": 15,
            "private_networking": false,
            "region": "nyc3",
            "resize_disk": true,
            "size": "s-2vcpu-2gb",
            "ssh_keys": [
              "30:b4:6a:50:81:39:d6:a8:07:d1:3a:b6:e0:09:f1:78"
            ],
            "status": "active",
            "tags": null,
            "urn": "do:droplet:149796971",
            "user_data": null,
            "vcpus": 2,
            "volume_ids": []
          },
          "depends_on": [
            "digitalocean_ssh_key.default"
          ]
        }
      ]
    },
    {
      "mode": "managed",
      "type": "digitalocean_ssh_key",
      "name": "default",
      "provider": "provider.digitalocean",
      "instances": [
        {
          "schema_version": 0,
          "attributes": {
            "fingerprint": "30:b4:6a:50:81:39:d6:a8:07:d1:3a:b6:e0:09:f1:78",
            "id": "24984934",
            "name": "renato-key-ssh",
            "public_key": "ssh-rsa AAAAB3NzaC1yc2EAAAADAQABAAACAQDZIaLwCJZ7xyMzb8xW6KLfollR0X9uckXhiugf1Sl7nA86aKHRiwJMPniPICg/zFhFjLIDSLneMBPlNhBq3ZP5aHQPlMVbc4DzwNXmwVairgC9CTKEtJYaitTtvKurZnrtXrnZAEtjVVRlQgD3u0RZISaQAzLtTcTSZBH2LcyTBHVCjgD3HjXy0UbgcftBRFZ7HQIcwIYkAz/5UZxfExYuJc73zTh0SmytUp5dZS0hqhjEICQUlgf+2jbh8J3OdEjd5+D973LZnJu1MoBv5eM2x5+lfVoEm+2wbynXkVpBE8Kb8dGE4DVw4dJ4QPl2ahuAdBI5h2SVxmKAfUjv3Y6lGd+mG31Wx3BpgPr2jZEDlCMtJx0riFnUQyAj+VCi9J9qhdnsrhLvLJz9IJ8aCFNqRmxRqKarlvp478oB+oO6WqDaKgHih8+IQjmFlK5AFzg0EbBRbIFANWiIpVLeS2E7gi17v1vpiiAELluDsICdSyw0GbvJLtYmlu9SZyuckdu8QC49YciY+fhKv5LQRQFVfLCq5E4dt5QkVdCbICCHQiiwjXIPTI261jgsStvspcr1PW9S3/DzuCfkphp6ftOSyHX6Q/De9UYzvrTogFe1harkSm62INXFf9VcYKkO9okSgB087H/zgZUqSlCJdi2J+HHW7lQky/z+QF9ZCDVBwQ== renatoweverton@gmail.com"
          }
        }
      ]
    }
  ]
}
